
Microsoft Visual Studio Solution File, Format Version 12.00
Project("{FAE04EC0-301F-11D3-BF4B-00C04F79EFBC}") = "dxJit.Core", "dxJit.Core\dxJit.Core.csproj", "{358A8AFE-520C-4A22-B8DB-912256C25541}"
EndProject
Project("{FAE04EC0-301F-11D3-BF4B-00C04F79EFBC}") = "dxJit.SignatureFinder", "dxJit.SignatureFinder\dxJit.SignatureFinder.csproj", "{58C90A9E-28EC-418D-A396-EC727FFC6A65}"
EndProject
Global
	GlobalSection(SolutionConfigurationPlatforms) = preSolution
		Debug|Any CPU = Debug|Any CPU
		Release|Any CPU = Release|Any CPU
	EndGlobalSection
	GlobalSection(ProjectConfigurationPlatforms) = postSolution
		{358A8AFE-520C-4A22-B8DB-912256C25541}.Debug|Any CPU.ActiveCfg = Debug|Any CPU
		{358A8AFE-520C-4A22-B8DB-912256C25541}.Debug|Any CPU.Build.0 = Debug|Any CPU
		{358A8AFE-520C-4A22-B8DB-912256C25541}.Release|Any CPU.ActiveCfg = Release|Any CPU
		{358A8AFE-520C-4A22-B8DB-912256C25541}.Release|Any CPU.Build.0 = Release|Any CPU
		{58C90A9E-28EC-418D-A396-EC727FFC6A65}.Debug|Any CPU.ActiveCfg = Debug|Any CPU
		{58C90A9E-28EC-418D-A396-EC727FFC6A65}.Debug|Any CPU.Build.0 = Debug|Any CPU
		{58C90A9E-28EC-418D-A396-EC727FFC6A65}.Release|Any CPU.ActiveCfg = Release|Any CPU
		{58C90A9E-28EC-418D-A396-EC727FFC6A65}.Release|Any CPU.Build.0 = Release|Any CPU
	EndGlobalSection
EndGlobal
